<?xml version="1.0" encoding="UTF-8"?>
<!DOCTYPE plist PUBLIC "-//Apple//DTD PLIST 1.0//EN" "http://www.apple.com/DTDs/PropertyList-1.0.dtd">
<plist version="1.0">
<dict>
	<key>archiveVersion</key>
	<string>1</string>
	<key>classes</key>
	<dict/>
	<key>objectVersion</key>
	<string>46</string>
	<key>objects</key>
	<dict>
		<key>022D0EC28BD0E62788449E39</key>
		<dict>
			<key>buildActionMask</key>
			<string>2147483647</string>
			<key>files</key>
			<array/>
			<key>inputPaths</key>
			<array/>
			<key>isa</key>
			<string>PBXShellScriptBuildPhase</string>
			<key>name</key>
			<string>Copy Pods Resources</string>
			<key>outputPaths</key>
			<array/>
			<key>runOnlyForDeploymentPostprocessing</key>
			<string>0</string>
			<key>shellPath</key>
			<string>/bin/sh</string>
			<key>shellScript</key>
			<string>"${SRCROOT}/Pods/Target Support Files/Pods-GDataXML-HTML/Pods-GDataXML-HTML-resources.sh"
</string>
			<key>showEnvVarsInLog</key>
			<string>0</string>
		</dict>
		<key>054E7942BA1DEE204A7D9A07</key>
		<dict>
			<key>children</key>
			<array>
				<string>6CCBD3BB80D1A3570D301532</string>
				<string>A66C6BEE5C39EA9F11263B35</string>
			</array>
			<key>isa</key>
			<string>PBXGroup</string>
			<key>name</key>
			<string>Pods</string>
			<key>sourceTree</key>
			<string>&lt;group&gt;</string>
		</dict>
		<key>6CCBD3BB80D1A3570D301532</key>
		<dict>
			<key>includeInIndex</key>
			<string>1</string>
			<key>isa</key>
			<string>PBXFileReference</string>
			<key>lastKnownFileType</key>
			<string>text.xcconfig</string>
			<key>name</key>
			<string>Pods-GDataXML-HTML.debug.xcconfig</string>
			<key>path</key>
			<string>Pods/Target Support Files/Pods-GDataXML-HTML/Pods-GDataXML-HTML.debug.xcconfig</string>
			<key>sourceTree</key>
			<string>&lt;group&gt;</string>
		</dict>
		<key>89DE9BAF38CB288E8535AD4B</key>
		<dict>
			<key>buildActionMask</key>
			<string>2147483647</string>
			<key>files</key>
			<array/>
			<key>inputPaths</key>
			<array/>
			<key>isa</key>
			<string>PBXShellScriptBuildPhase</string>
			<key>name</key>
			<string>Check Pods Manifest.lock</string>
			<key>outputPaths</key>
			<array/>
			<key>runOnlyForDeploymentPostprocessing</key>
			<string>0</string>
			<key>shellPath</key>
			<string>/bin/sh</string>
			<key>shellScript</key>
			<string>diff "${PODS_ROOT}/../Podfile.lock" "${PODS_ROOT}/Manifest.lock" &gt; /dev/null
if [[ $? != 0 ]] ; then
    cat &lt;&lt; EOM
error: The sandbox is not in sync with the Podfile.lock. Run 'pod install' or update your CocoaPods installation.
EOM
    exit 1
fi
</string>
			<key>showEnvVarsInLog</key>
			<string>0</string>
		</dict>
		<key>A66C6BEE5C39EA9F11263B35</key>
		<dict>
			<key>includeInIndex</key>
			<string>1</string>
			<key>isa</key>
			<string>PBXFileReference</string>
			<key>lastKnownFileType</key>
			<string>text.xcconfig</string>
			<key>name</key>
			<string>Pods-GDataXML-HTML.release.xcconfig</string>
			<key>path</key>
			<string>Pods/Target Support Files/Pods-GDataXML-HTML/Pods-GDataXML-HTML.release.xcconfig</string>
			<key>sourceTree</key>
			<string>&lt;group&gt;</string>
		</dict>
		<key>D06E219F8A60F76B1CD39E9D</key>
		<dict>
			<key>explicitFileType</key>
			<string>archive.ar</string>
			<key>includeInIndex</key>
			<string>0</string>
			<key>isa</key>
			<string>PBXFileReference</string>
			<key>path</key>
			<string>libPods-GDataXML-HTML.a</string>
			<key>sourceTree</key>
			<string>BUILT_PRODUCTS_DIR</string>
		</dict>
		<key>D31B50F53EDB8F0EE10D9AC7</key>
		<dict>
			<key>fileRef</key>
			<string>D06E219F8A60F76B1CD39E9D</string>
			<key>isa</key>
			<string>PBXBuildFile</string>
		</dict>
		<key>F43A13B813CF10F200FD689C</key>
		<dict>
			<key>children</key>
			<array>
				<string>F43A13CD13CF10F300FD689C</string>
				<string>F43A13C613CF10F300FD689C</string>
				<string>F43A13C413CF10F300FD689C</string>
				<string>054E7942BA1DEE204A7D9A07</string>
			</array>
			<key>isa</key>
			<string>PBXGroup</string>
			<key>sourceTree</key>
			<string>&lt;group&gt;</string>
		</dict>
		<key>F43A13BA13CF10F200FD689C</key>
		<dict>
			<key>attributes</key>
			<dict>
				<key>LastUpgradeCheck</key>
				<string>0600</string>
				<key>ORGANIZATIONNAME</key>
				<string>Cyber:con GmbH</string>
			</dict>
			<key>buildConfigurationList</key>
			<string>F43A13BD13CF10F200FD689C</string>
			<key>compatibilityVersion</key>
			<string>Xcode 3.2</string>
			<key>developmentRegion</key>
			<string>English</string>
			<key>hasScannedForEncodings</key>
			<string>0</string>
			<key>isa</key>
			<string>PBXProject</string>
			<key>knownRegions</key>
			<array>
				<string>en</string>
			</array>
			<key>mainGroup</key>
			<string>F43A13B813CF10F200FD689C</string>
			<key>productRefGroup</key>
			<string>F43A13C413CF10F300FD689C</string>
			<key>projectDirPath</key>
			<string></string>
			<key>projectReferences</key>
			<array/>
			<key>projectRoot</key>
			<string></string>
			<key>targets</key>
			<array>
				<string>F43A13C213CF10F300FD689C</string>
			</array>
		</dict>
		<key>F43A13BD13CF10F200FD689C</key>
		<dict>
			<key>buildConfigurations</key>
			<array>
				<string>F43A13E213CF10F300FD689C</string>
				<string>F43A13E313CF10F300FD689C</string>
			</array>
			<key>defaultConfigurationIsVisible</key>
			<string>0</string>
			<key>defaultConfigurationName</key>
			<string>Release</string>
			<key>isa</key>
			<string>XCConfigurationList</string>
		</dict>
		<key>F43A13BF13CF10F300FD689C</key>
		<dict>
			<key>buildActionMask</key>
			<string>2147483647</string>
			<key>files</key>
			<array>
				<string>F43A13D513CF10F300FD689C</string>
				<string>F43A13D813CF10F300FD689C</string>
				<string>F43A13DE13CF10F300FD689C</string>
			</array>
			<key>isa</key>
			<string>PBXSourcesBuildPhase</string>
			<key>runOnlyForDeploymentPostprocessing</key>
			<string>0</string>
		</dict>
		<key>F43A13C013CF10F300FD689C</key>
		<dict>
			<key>buildActionMask</key>
			<string>2147483647</string>
			<key>files</key>
			<array>
				<string>F43A13C813CF10F300FD689C</string>
				<string>F43A13CA13CF10F300FD689C</string>
				<string>F43A13CC13CF10F300FD689C</string>
				<string>D31B50F53EDB8F0EE10D9AC7</string>
			</array>
			<key>isa</key>
			<string>PBXFrameworksBuildPhase</string>
			<key>runOnlyForDeploymentPostprocessing</key>
			<string>0</string>
		</dict>
		<key>F43A13C113CF10F300FD689C</key>
		<dict>
			<key>buildActionMask</key>
			<string>2147483647</string>
			<key>files</key>
			<array>
				<string>F43A13D213CF10F300FD689C</string>
				<string>F43A13DB13CF10F300FD689C</string>
				<string>F43A13E113CF10F300FD689C</string>
				<string>F4C0C0C019DC27AF00EF8722</string>
				<string>F4E0EDE613CF7A37000E7B3B</string>
				<string>F4E0EDE813CF7C31000E7B3B</string>
			</array>
			<key>isa</key>
			<string>PBXResourcesBuildPhase</string>
			<key>runOnlyForDeploymentPostprocessing</key>
			<string>0</string>
		</dict>
		<key>F43A13C213CF10F300FD689C</key>
		<dict>
			<key>buildConfigurationList</key>
			<string>F43A13E413CF10F300FD689C</string>
			<key>buildPhases</key>
			<array>
				<string>89DE9BAF38CB288E8535AD4B</string>
				<string>F43A13BF13CF10F300FD689C</string>
				<string>F43A13C013CF10F300FD689C</string>
				<string>F43A13C113CF10F300FD689C</string>
				<string>022D0EC28BD0E62788449E39</string>
			</array>
			<key>buildRules</key>
			<array/>
			<key>dependencies</key>
			<array/>
			<key>isa</key>
			<string>PBXNativeTarget</string>
			<key>name</key>
			<string>GDataXML-HTML</string>
			<key>productName</key>
			<string>GDataXML-HTML</string>
			<key>productReference</key>
			<string>F43A13C313CF10F300FD689C</string>
			<key>productType</key>
			<string>com.apple.product-type.application</string>
		</dict>
		<key>F43A13C313CF10F300FD689C</key>
		<dict>
			<key>explicitFileType</key>
			<string>wrapper.application</string>
			<key>includeInIndex</key>
			<string>0</string>
			<key>isa</key>
			<string>PBXFileReference</string>
			<key>path</key>
			<string>GDataXML-HTML.app</string>
			<key>sourceTree</key>
			<string>BUILT_PRODUCTS_DIR</string>
		</dict>
		<key>F43A13C413CF10F300FD689C</key>
		<dict>
			<key>children</key>
			<array>
				<string>F43A13C313CF10F300FD689C</string>
			</array>
			<key>isa</key>
			<string>PBXGroup</string>
			<key>name</key>
			<string>Products</string>
			<key>sourceTree</key>
			<string>&lt;group&gt;</string>
		</dict>
		<key>F43A13C613CF10F300FD689C</key>
		<dict>
			<key>children</key>
			<array>
				<string>F43A13C713CF10F300FD689C</string>
				<string>F43A13C913CF10F300FD689C</string>
				<string>F43A13CB13CF10F300FD689C</string>
				<string>D06E219F8A60F76B1CD39E9D</string>
			</array>
			<key>isa</key>
			<string>PBXGroup</string>
			<key>name</key>
			<string>Frameworks</string>
			<key>sourceTree</key>
			<string>&lt;group&gt;</string>
		</dict>
		<key>F43A13C713CF10F300FD689C</key>
		<dict>
			<key>isa</key>
			<string>PBXFileReference</string>
			<key>lastKnownFileType</key>
			<string>wrapper.framework</string>
			<key>name</key>
			<string>UIKit.framework</string>
			<key>path</key>
			<string>System/Library/Frameworks/UIKit.framework</string>
			<key>sourceTree</key>
			<string>SDKROOT</string>
		</dict>
		<key>F43A13C813CF10F300FD689C</key>
		<dict>
			<key>fileRef</key>
			<string>F43A13C713CF10F300FD689C</string>
			<key>isa</key>
			<string>PBXBuildFile</string>
		</dict>
		<key>F43A13C913CF10F300FD689C</key>
		<dict>
			<key>isa</key>
			<string>PBXFileReference</string>
			<key>lastKnownFileType</key>
			<string>wrapper.framework</string>
			<key>name</key>
			<string>Foundation.framework</string>
			<key>path</key>
			<string>System/Library/Frameworks/Foundation.framework</string>
			<key>sourceTree</key>
			<string>SDKROOT</string>
		</dict>
		<key>F43A13CA13CF10F300FD689C</key>
		<dict>
			<key>fileRef</key>
			<string>F43A13C913CF10F300FD689C</string>
			<key>isa</key>
			<string>PBXBuildFile</string>
		</dict>
		<key>F43A13CB13CF10F300FD689C</key>
		<dict>
			<key>isa</key>
			<string>PBXFileReference</string>
			<key>lastKnownFileType</key>
			<string>wrapper.framework</string>
			<key>name</key>
			<string>CoreGraphics.framework</string>
			<key>path</key>
			<string>System/Library/Frameworks/CoreGraphics.framework</string>
			<key>sourceTree</key>
			<string>SDKROOT</string>
		</dict>
		<key>F43A13CC13CF10F300FD689C</key>
		<dict>
			<key>fileRef</key>
			<string>F43A13CB13CF10F300FD689C</string>
			<key>isa</key>
			<string>PBXBuildFile</string>
		</dict>
		<key>F43A13CD13CF10F300FD689C</key>
		<dict>
			<key>children</key>
			<array>
				<string>F43A13D613CF10F300FD689C</string>
				<string>F43A13D713CF10F300FD689C</string>
				<string>F43A13D913CF10F300FD689C</string>
				<string>F43A13DC13CF10F300FD689C</string>
				<string>F43A13DD13CF10F300FD689C</string>
				<string>F43A13DF13CF10F300FD689C</string>
				<string>F43A13CE13CF10F300FD689C</string>
				<string>F4E0EDE513CF7A37000E7B3B</string>
				<string>F4E0EDE713CF7C31000E7B3B</string>
				<string>F4C0C0BF19DC27AF00EF8722</string>
			</array>
			<key>isa</key>
			<string>PBXGroup</string>
			<key>path</key>
			<string>GDataXML-HTML</string>
			<key>sourceTree</key>
			<string>&lt;group&gt;</string>
		</dict>
		<key>F43A13CE13CF10F300FD689C</key>
		<dict>
			<key>children</key>
			<array>
				<string>F43A13CF13CF10F300FD689C</string>
				<string>F43A13D013CF10F300FD689C</string>
				<string>F43A13D313CF10F300FD689C</string>
				<string>F43A13D413CF10F300FD689C</string>
			</array>
			<key>isa</key>
			<string>PBXGroup</string>
			<key>name</key>
			<string>Supporting Files</string>
			<key>sourceTree</key>
			<string>&lt;group&gt;</string>
		</dict>
		<key>F43A13CF13CF10F300FD689C</key>
		<dict>
			<key>isa</key>
			<string>PBXFileReference</string>
			<key>lastKnownFileType</key>
			<string>text.plist.xml</string>
			<key>path</key>
			<string>GDataXML-HTML-Info.plist</string>
			<key>sourceTree</key>
			<string>&lt;group&gt;</string>
		</dict>
		<key>F43A13D013CF10F300FD689C</key>
		<dict>
			<key>children</key>
			<array>
				<string>F43A13D113CF10F300FD689C</string>
			</array>
			<key>isa</key>
			<string>PBXVariantGroup</string>
			<key>name</key>
			<string>InfoPlist.strings</string>
			<key>sourceTree</key>
			<string>&lt;group&gt;</string>
		</dict>
		<key>F43A13D113CF10F300FD689C</key>
		<dict>
			<key>isa</key>
			<string>PBXFileReference</string>
			<key>lastKnownFileType</key>
			<string>text.plist.strings</string>
			<key>name</key>
			<string>en</string>
			<key>path</key>
			<string>en.lproj/InfoPlist.strings</string>
			<key>sourceTree</key>
			<string>&lt;group&gt;</string>
		</dict>
		<key>F43A13D213CF10F300FD689C</key>
		<dict>
			<key>fileRef</key>
			<string>F43A13D013CF10F300FD689C</string>
			<key>isa</key>
			<string>PBXBuildFile</string>
		</dict>
		<key>F43A13D313CF10F300FD689C</key>
		<dict>
			<key>isa</key>
			<string>PBXFileReference</string>
			<key>lastKnownFileType</key>
			<string>sourcecode.c.h</string>
			<key>path</key>
			<string>GDataXML-HTML-Prefix.pch</string>
			<key>sourceTree</key>
			<string>&lt;group&gt;</string>
		</dict>
		<key>F43A13D413CF10F300FD689C</key>
		<dict>
			<key>isa</key>
			<string>PBXFileReference</string>
			<key>lastKnownFileType</key>
			<string>sourcecode.c.objc</string>
			<key>path</key>
			<string>main.m</string>
			<key>sourceTree</key>
			<string>&lt;group&gt;</string>
		</dict>
		<key>F43A13D513CF10F300FD689C</key>
		<dict>
			<key>fileRef</key>
			<string>F43A13D413CF10F300FD689C</string>
			<key>isa</key>
			<string>PBXBuildFile</string>
		</dict>
		<key>F43A13D613CF10F300FD689C</key>
		<dict>
			<key>isa</key>
			<string>PBXFileReference</string>
			<key>lastKnownFileType</key>
			<string>sourcecode.c.h</string>
			<key>path</key>
			<string>GDataXML_HTMLAppDelegate.h</string>
			<key>sourceTree</key>
			<string>&lt;group&gt;</string>
		</dict>
		<key>F43A13D713CF10F300FD689C</key>
		<dict>
			<key>isa</key>
			<string>PBXFileReference</string>
			<key>lastKnownFileType</key>
			<string>sourcecode.c.objc</string>
			<key>path</key>
			<string>GDataXML_HTMLAppDelegate.m</string>
			<key>sourceTree</key>
			<string>&lt;group&gt;</string>
		</dict>
		<key>F43A13D813CF10F300FD689C</key>
		<dict>
			<key>fileRef</key>
			<string>F43A13D713CF10F300FD689C</string>
			<key>isa</key>
			<string>PBXBuildFile</string>
		</dict>
		<key>F43A13D913CF10F300FD689C</key>
		<dict>
			<key>children</key>
			<array>
				<string>F43A13DA13CF10F300FD689C</string>
			</array>
			<key>isa</key>
			<string>PBXVariantGroup</string>
			<key>name</key>
			<string>MainWindow.xib</string>
			<key>sourceTree</key>
			<string>&lt;group&gt;</string>
		</dict>
		<key>F43A13DA13CF10F300FD689C</key>
		<dict>
			<key>isa</key>
			<string>PBXFileReference</string>
			<key>lastKnownFileType</key>
			<string>file.xib</string>
			<key>name</key>
			<string>en</string>
			<key>path</key>
			<string>en.lproj/MainWindow.xib</string>
			<key>sourceTree</key>
			<string>&lt;group&gt;</string>
		</dict>
		<key>F43A13DB13CF10F300FD689C</key>
		<dict>
			<key>fileRef</key>
			<string>F43A13D913CF10F300FD689C</string>
			<key>isa</key>
			<string>PBXBuildFile</string>
		</dict>
		<key>F43A13DC13CF10F300FD689C</key>
		<dict>
			<key>isa</key>
			<string>PBXFileReference</string>
			<key>lastKnownFileType</key>
			<string>sourcecode.c.h</string>
			<key>path</key>
			<string>GDataXML_HTMLViewController.h</string>
			<key>sourceTree</key>
			<string>&lt;group&gt;</string>
		</dict>
		<key>F43A13DD13CF10F300FD689C</key>
		<dict>
			<key>isa</key>
			<string>PBXFileReference</string>
			<key>lastKnownFileType</key>
			<string>sourcecode.c.objc</string>
			<key>path</key>
			<string>GDataXML_HTMLViewController.m</string>
			<key>sourceTree</key>
			<string>&lt;group&gt;</string>
		</dict>
		<key>F43A13DE13CF10F300FD689C</key>
		<dict>
			<key>fileRef</key>
			<string>F43A13DD13CF10F300FD689C</string>
			<key>isa</key>
			<string>PBXBuildFile</string>
		</dict>
		<key>F43A13DF13CF10F300FD689C</key>
		<dict>
			<key>children</key>
			<array>
				<string>F43A13E013CF10F300FD689C</string>
			</array>
			<key>isa</key>
			<string>PBXVariantGroup</string>
			<key>name</key>
			<string>GDataXML_HTMLViewController.xib</string>
			<key>sourceTree</key>
			<string>&lt;group&gt;</string>
		</dict>
		<key>F43A13E013CF10F300FD689C</key>
		<dict>
			<key>isa</key>
			<string>PBXFileReference</string>
			<key>lastKnownFileType</key>
			<string>file.xib</string>
			<key>name</key>
			<string>en</string>
			<key>path</key>
			<string>en.lproj/GDataXML_HTMLViewController.xib</string>
			<key>sourceTree</key>
			<string>&lt;group&gt;</string>
		</dict>
		<key>F43A13E113CF10F300FD689C</key>
		<dict>
			<key>fileRef</key>
			<string>F43A13DF13CF10F300FD689C</string>
			<key>isa</key>
			<string>PBXBuildFile</string>
		</dict>
		<key>F43A13E213CF10F300FD689C</key>
		<dict>
			<key>buildSettings</key>
			<dict>
				<key>CODE_SIGN_IDENTITY[sdk=iphoneos*]</key>
				<string>iPhone Developer</string>
				<key>GCC_C_LANGUAGE_STANDARD</key>
				<string>gnu99</string>
				<key>GCC_OPTIMIZATION_LEVEL</key>
				<string>0</string>
				<key>GCC_PREPROCESSOR_DEFINITIONS</key>
				<string>DEBUG</string>
				<key>GCC_SYMBOLS_PRIVATE_EXTERN</key>
				<string>NO</string>
				<key>GCC_VERSION</key>
				<string>com.apple.compilers.llvmgcc42</string>
				<key>GCC_WARN_ABOUT_RETURN_TYPE</key>
				<string>YES</string>
				<key>GCC_WARN_UNUSED_VARIABLE</key>
				<string>YES</string>
				<key>HEADER_SEARCH_PATHS</key>
				<string>/usr/include/libxml2</string>
				<key>IPHONEOS_DEPLOYMENT_TARGET</key>
				<string>4.3</string>
				<key>ONLY_ACTIVE_ARCH</key>
				<string>YES</string>
				<key>OTHER_LDFLAGS</key>
				<string>-lxml2</string>
				<key>SDKROOT</key>
				<string>iphoneos</string>
			</dict>
			<key>isa</key>
			<string>XCBuildConfiguration</string>
			<key>name</key>
			<string>Debug</string>
		</dict>
		<key>F43A13E313CF10F300FD689C</key>
		<dict>
			<key>buildSettings</key>
			<dict>
				<key>CODE_SIGN_IDENTITY[sdk=iphoneos*]</key>
				<string>iPhone Developer</string>
				<key>GCC_C_LANGUAGE_STANDARD</key>
				<string>gnu99</string>
				<key>GCC_VERSION</key>
				<string>com.apple.compilers.llvmgcc42</string>
				<key>GCC_WARN_ABOUT_RETURN_TYPE</key>
				<string>YES</string>
				<key>GCC_WARN_UNUSED_VARIABLE</key>
				<string>YES</string>
				<key>HEADER_SEARCH_PATHS</key>
				<string>/usr/include/libxml2</string>
				<key>IPHONEOS_DEPLOYMENT_TARGET</key>
				<string>4.3</string>
				<key>OTHER_CFLAGS</key>
				<string>-DNS_BLOCK_ASSERTIONS=1</string>
				<key>OTHER_LDFLAGS</key>
				<string>-lxml2</string>
				<key>SDKROOT</key>
				<string>iphoneos</string>
			</dict>
			<key>isa</key>
			<string>XCBuildConfiguration</string>
			<key>name</key>
			<string>Release</string>
		</dict>
		<key>F43A13E413CF10F300FD689C</key>
		<dict>
			<key>buildConfigurations</key>
			<array>
				<string>F43A13E513CF10F300FD689C</string>
				<string>F43A13E613CF10F300FD689C</string>
			</array>
			<key>defaultConfigurationIsVisible</key>
			<string>0</string>
			<key>defaultConfigurationName</key>
			<string>Release</string>
			<key>isa</key>
			<string>XCConfigurationList</string>
		</dict>
		<key>F43A13E513CF10F300FD689C</key>
		<dict>
			<key>baseConfigurationReference</key>
			<string>6CCBD3BB80D1A3570D301532</string>
			<key>buildSettings</key>
			<dict>
				<key>ASSETCATALOG_COMPILER_APPICON_NAME</key>
				<string>AppIcon</string>
				<key>ASSETCATALOG_COMPILER_LAUNCHIMAGE_NAME</key>
				<string>LaunchImage</string>
				<key>CLANG_ENABLE_OBJC_ARC</key>
				<string>YES</string>
				<key>COPY_PHASE_STRIP</key>
				<string>NO</string>
				<key>GCC_DYNAMIC_NO_PIC</key>
				<string>NO</string>
				<key>GCC_VERSION</key>
				<string>com.apple.compilers.llvm.clang.1_0</string>
				<key>INFOPLIST_FILE</key>
				<string>GDataXML-HTML/GDataXML-HTML-Info.plist</string>
				<key>PRODUCT_NAME</key>
				<string>$(TARGET_NAME)</string>
				<key>WRAPPER_EXTENSION</key>
				<string>app</string>
			</dict>
			<key>isa</key>
			<string>XCBuildConfiguration</string>
			<key>name</key>
			<string>Debug</string>
		</dict>
		<key>F43A13E613CF10F300FD689C</key>
		<dict>
			<key>baseConfigurationReference</key>
			<string>A66C6BEE5C39EA9F11263B35</string>
			<key>buildSettings</key>
			<dict>
				<key>ASSETCATALOG_COMPILER_APPICON_NAME</key>
				<string>AppIcon</string>
				<key>ASSETCATALOG_COMPILER_LAUNCHIMAGE_NAME</key>
				<string>LaunchImage</string>
				<key>CLANG_ENABLE_OBJC_ARC</key>
				<string>YES</string>
				<key>COPY_PHASE_STRIP</key>
				<string>YES</string>
				<key>GCC_VERSION</key>
				<string>com.apple.compilers.llvm.clang.1_0</string>
				<key>INFOPLIST_FILE</key>
				<string>GDataXML-HTML/GDataXML-HTML-Info.plist</string>
				<key>PRODUCT_NAME</key>
				<string>$(TARGET_NAME)</string>
				<key>VALIDATE_PRODUCT</key>
				<string>YES</string>
				<key>WRAPPER_EXTENSION</key>
				<string>app</string>
			</dict>
			<key>isa</key>
			<string>XCBuildConfiguration</string>
			<key>name</key>
			<string>Release</string>
		</dict>
		<key>F4C0C0BF19DC27AF00EF8722</key>
		<dict>
			<key>isa</key>
			<string>PBXFileReference</string>
			<key>lastKnownFileType</key>
			<string>folder.assetcatalog</string>
			<key>path</key>
			<string>Images.xcassets</string>
			<key>sourceTree</key>
			<string>&lt;group&gt;</string>
		</dict>
		<key>F4C0C0C019DC27AF00EF8722</key>
		<dict>
			<key>fileRef</key>
			<string>F4C0C0BF19DC27AF00EF8722</string>
			<key>isa</key>
			<string>PBXBuildFile</string>
		</dict>
		<key>F4E0EDE513CF7A37000E7B3B</key>
		<dict>
			<key>fileEncoding</key>
			<string>4</string>
			<key>isa</key>
			<string>PBXFileReference</string>
			<key>lastKnownFileType</key>
			<string>text.xml</string>
			<key>path</key>
			<string>xml.xml</string>
			<key>sourceTree</key>
			<string>&lt;group&gt;</string>
		</dict>
		<key>F4E0EDE613CF7A37000E7B3B</key>
		<dict>
			<key>fileRef</key>
			<string>F4E0EDE513CF7A37000E7B3B</string>
			<key>isa</key>
			<string>PBXBuildFile</string>
		</dict>
		<key>F4E0EDE713CF7C31000E7B3B</key>
		<dict>
			<key>fileEncoding</key>
			<string>4</string>
			<key>isa</key>
			<string>PBXFileReference</string>
			<key>lastKnownFileType</key>
			<string>text.html</string>
			<key>path</key>
			<string>html.html</string>
			<key>sourceTree</key>
			<string>&lt;group&gt;</string>
		</dict>
		<key>F4E0EDE813CF7C31000E7B3B</key>
		<dict>
			<key>fileRef</key>
			<string>F4E0EDE713CF7C31000E7B3B</string>
			<key>isa</key>
			<string>PBXBuildFile</string>
		</dict>
	</dict>
	<key>rootObject</key>
	<string>F43A13BA13CF10F200FD689C</string>
</dict>
</plist>
